# generated by rye
# use `rye lock` or `rye sync` to update this lockfile
#
# last locked with the following flags:
#   pre: false
#   features: []
#   all-features: false
#   with-sources: false

-e file:.
certifi==2022.12.7
    # via requests
charset-normalizer==2.1.1
    # via requests
colorama==0.4.6
    # via tqdm
contourpy==1.2.1
    # via matplotlib
cycler==0.12.1
    # via matplotlib
filelock==3.13.1
    # via torch
fonttools==4.51.0
    # via matplotlib
fsspec==2024.2.0
    # via torch
idna==3.4
    # via requests
intel-openmp==2021.4.0
    # via mkl
jinja2==3.1.3
    # via torch
kiwisolver==1.4.5
    # via matplotlib
markupsafe==2.1.5
    # via jinja2
matplotlib==3.9.0
    # via seaborn
    # via yuka
mkl==2021.4.0
    # via torch
mpmath==1.3.0
    # via sympy
networkx==3.2.1
    # via torch
numpy==1.26.3
    # via contourpy
    # via matplotlib
    # via opencv-python
    # via pandas
    # via scipy
    # via seaborn
    # via torchvision
opencv-python==4.9.0.80
    # via yuka
packaging==22.0
    # via matplotlib
pandas==2.2.2
    # via seaborn
    # via yuka
pillow==10.2.0
    # via matplotlib
    # via torchvision
    # via yuka
psutil==5.9.8
    # via yuka
py-cpuinfo==9.0.0
    # via yuka
pyparsing==3.1.2
    # via matplotlib
python-dateutil==2.9.0.post0
    # via matplotlib
    # via pandas
pytz==2024.1
    # via pandas
pyyaml==6.0.1
    # via yuka
requests==2.28.1
    # via yuka
scipy==1.13.0
    # via yuka
seaborn==0.13.2
    # via yuka
six==1.16.0
    # via python-dateutil
sympy==1.12
    # via torch
tbb==2021.11.0
    # via mkl
thop==0.1.1.post2209072238
    # via yuka
torch==2.3.0+cu121
    # via thop
    # via torchvision
    # via yuka
torchvision==0.18.0+cu121
    # via yuka
tqdm==4.64.1
    # via yuka
typing-extensions==4.9.0
    # via torch
tzdata==2024.1
    # via pandas
urllib3==1.26.13
    # via requests
